
Microsoft Visual Studio Solution File, Format Version 12.00
# Visual Studio Version 17
VisualStudioVersion = 17.3.32929.385
MinimumVisualStudioVersion = 10.0.40219.1
Project("{FAE04EC0-301F-11D3-BF4B-00C04F79EFBC}") = "EntityFrameworkCodeFirst", "EntityFrameworkCodeFirst\EntityFrameworkCodeFirst.csproj", "{CCE66BDE-D099-4789-B244-B9BF0B40A01C}"
EndProject
Global
	GlobalSection(SolutionConfigurationPlatforms) = preSolution
		Debug|Any CPU = Debug|Any CPU
		Release|Any CPU = Release|Any CPU
	EndGlobalSection
	GlobalSection(ProjectConfigurationPlatforms) = postSolution
		{CCE66BDE-D099-4789-B244-B9BF0B40A01C}.Debug|Any CPU.ActiveCfg = Debug|Any CPU
		{CCE66BDE-D099-4789-B244-B9BF0B40A01C}.Debug|Any CPU.Build.0 = Debug|Any CPU
		{CCE66BDE-D099-4789-B244-B9BF0B40A01C}.Release|Any CPU.ActiveCfg = Release|Any CPU
		{CCE66BDE-D099-4789-B244-B9BF0B40A01C}.Release|Any CPU.Build.0 = Release|Any CPU
	EndGlobalSection
	GlobalSection(SolutionProperties) = preSolution
		HideSolutionNode = FALSE
	EndGlobalSection
	GlobalSection(ExtensibilityGlobals) = postSolution
		SolutionGuid = {C2A64EF6-402C-487B-BF7F-DA895871518D}
	EndGlobalSection
EndGlobal
